
Microsoft Visual Studio Solution File, Format Version 12.00
# Visual Studio Version 17
VisualStudioVersion = 17.0.32112.339
MinimumVisualStudioVersion = 10.0.40219.1
Project("{FAE04EC0-301F-11D3-BF4B-00C04F79EFBC}") = "Login", "Login\Login.csproj", "{9107F6E1-7AA9-43F0-A9B0-97ED59C7FA84}"
EndProject
Global
	GlobalSection(SolutionConfigurationPlatforms) = preSolution
		Debug|Any CPU = Debug|Any CPU
		Release|Any CPU = Release|Any CPU
	EndGlobalSection
	GlobalSection(ProjectConfigurationPlatforms) = postSolution
		{9107F6E1-7AA9-43F0-A9B0-97ED59C7FA84}.Debug|Any CPU.ActiveCfg = Debug|Any CPU
		{9107F6E1-7AA9-43F0-A9B0-97ED59C7FA84}.Debug|Any CPU.Build.0 = Debug|Any CPU
		{9107F6E1-7AA9-43F0-A9B0-97ED59C7FA84}.Release|Any CPU.ActiveCfg = Release|Any CPU
		{9107F6E1-7AA9-43F0-A9B0-97ED59C7FA84}.Release|Any CPU.Build.0 = Release|Any CPU
	EndGlobalSection
	GlobalSection(SolutionProperties) = preSolution
		HideSolutionNode = FALSE
	EndGlobalSection
	GlobalSection(ExtensibilityGlobals) = postSolution
		SolutionGuid = {F4D73231-ACCD-4696-A1E0-C567DB408FAC}
	EndGlobalSection
EndGlobal
